
Microsoft Visual Studio Solution File, Format Version 12.00
# Visual Studio Version 17
VisualStudioVersion = 17.5.33516.290
MinimumVisualStudioVersion = 10.0.40219.1
Project("{9A19103F-16F7-4668-BE54-9A1E7A4F7556}") = "AutoFisher", "fishingtest4\AutoFisher.csproj", "{B0594AFA-6DCD-4A9E-9084-63B16AE18B19}"
EndProject
Global
	GlobalSection(SolutionConfigurationPlatforms) = preSolution
		Debug|Any CPU = Debug|Any CPU
		Release|Any CPU = Release|Any CPU
	EndGlobalSection
	GlobalSection(ProjectConfigurationPlatforms) = postSolution
		{B0594AFA-6DCD-4A9E-9084-63B16AE18B19}.Debug|Any CPU.ActiveCfg = Debug|Any CPU
		{B0594AFA-6DCD-4A9E-9084-63B16AE18B19}.Debug|Any CPU.Build.0 = Debug|Any CPU
		{B0594AFA-6DCD-4A9E-9084-63B16AE18B19}.Release|Any CPU.ActiveCfg = Release|Any CPU
		{B0594AFA-6DCD-4A9E-9084-63B16AE18B19}.Release|Any CPU.Build.0 = Release|Any CPU
	EndGlobalSection
	GlobalSection(SolutionProperties) = preSolution
		HideSolutionNode = FALSE
	EndGlobalSection
	GlobalSection(ExtensibilityGlobals) = postSolution
		SolutionGuid = {39312CF1-4679-4ADD-879C-6FB9EEAEE687}
	EndGlobalSection
EndGlobal
